// !$*UTF8*$!
{
	archiveVersion = 1;
	classes = {
	};
	objectVersion = 46;
	objects = {

/* Begin PBXBuildFile section */
		A16E9B6F1ABF395F00C6081A /* farah-faucet.wav in Resources */ = {isa = PBXBuildFile; fileRef = A16E9B6E1ABF395F00C6081A /* farah-faucet.wav */; };
		A1EA8BA81AB393A20055155E /* AppDelegate.swift in Sources */ = {isa = PBXBuildFile; fileRef = A1EA8BA71AB393A20055155E /* AppDelegate.swift */; };
		A1EA8BAA1AB393A20055155E /* ViewController.swift in Sources */ = {isa = PBXBuildFile; fileRef = A1EA8BA91AB393A20055155E /* ViewController.swift */; };
		A1EA8BAD1AB393A20055155E /* Main.storyboard in Resources */ = {isa = PBXBuildFile; fileRef = A1EA8BAB1AB393A20055155E /* Main.storyboard */; };
		A1EA8BAF1AB393A20055155E /* Images.xcassets in Resources */ = {isa = PBXBuildFile; fileRef = A1EA8BAE1AB393A20055155E /* Images.xcassets */; };
		A1EA8BB21AB393A20055155E /* LaunchScreen.xib in Resources */ = {isa = PBXBuildFile; fileRef = A1EA8BB01AB393A20055155E /* LaunchScreen.xib */; };
		A1EA8BBE1AB393A20055155E /* Audio_Mixer_DemoTests.swift in Sources */ = {isa = PBXBuildFile; fileRef = A1EA8BBD1AB393A20055155E /* Audio_Mixer_DemoTests.swift */; };
/* End PBXBuildFile section */

/* Begin PBXContainerItemProxy section */
		A1EA8BB81AB393A20055155E /* PBXContainerItemProxy */ = {
			isa = PBXContainerItemProxy;
			containerPortal = A1EA8B9A1AB393A20055155E /* Project object */;
			proxyType = 1;
			remoteGlobalIDString = A1EA8BA11AB393A20055155E;
			remoteInfo = "Audio Mixer Demo";
		};
/* End PBXContainerItemProxy section */

/* Begin PBXFileReference section */
		A16E9B6E1ABF395F00C6081A /* farah-faucet.wav */ = {isa = PBXFileReference; lastKnownFileType = audio.wav; path = "farah-faucet.wav"; sourceTree = "<group>"; };
		A1EA8BA21AB393A20055155E /* Audio Mixer Demo.app */ = {isa = PBXFileReference; explicitFileType = wrapper.application; includeInIndex = 0; path = "Audio Mixer Demo.app"; sourceTree = BUILT_PRODUCTS_DIR; };
		A1EA8BA61AB393A20055155E /* Info.plist */ = {isa = PBXFileReference; lastKnownFileType = text.plist.xml; path = Info.plist; sourceTree = "<group>"; };
		A1EA8BA71AB393A20055155E /* AppDelegate.swift */ = {isa = PBXFileReference; lastKnownFileType = sourcecode.swift; path = AppDelegate.swift; sourceTree = "<group>"; };
		A1EA8BA91AB393A20055155E /* ViewController.swift */ = {isa = PBXFileReference; lastKnownFileType = sourcecode.swift; path = ViewController.swift; sourceTree = "<group>"; };
		A1EA8BAC1AB393A20055155E /* Base */ = {isa = PBXFileReference; lastKnownFileType = file.storyboard; name = Base; path = Base.lproj/Main.storyboard; sourceTree = "<group>"; };
		A1EA8BAE1AB393A20055155E /* Images.xcassets */ = {isa = PBXFileReference; lastKnownFileType = folder.assetcatalog; path = Images.xcassets; sourceTree = "<group>"; };
		A1EA8BB11AB393A20055155E /* Base */ = {isa = PBXFileReference; lastKnownFileType = file.xib; name = Base; path = Base.lproj/LaunchScreen.xib; sourceTree = "<group>"; };
		A1EA8BB71AB393A20055155E /* Audio Mixer DemoTests.xctest */ = {isa = PBXFileReference; explicitFileType = wrapper.cfbundle; includeInIndex = 0; path = "Audio Mixer DemoTests.xctest"; sourceTree = BUILT_PRODUCTS_DIR; };
		A1EA8BBC1AB393A20055155E /* Info.plist */ = {isa = PBXFileReference; lastKnownFileType = text.plist.xml; path = Info.plist; sourceTree = "<group>"; };
		A1EA8BBD1AB393A20055155E /* Audio_Mixer_DemoTests.swift */ = {isa = PBXFileReference; lastKnownFileType = sourcecode.swift; path = Audio_Mixer_DemoTests.swift; sourceTree = "<group>"; };
/* End PBXFileReference section */

/* Begin PBXFrameworksBuildPhase section */
		A1EA8B9F1AB393A20055155E /* Frameworks */ = {
			isa = PBXFrameworksBuildPhase;
			buildActionMask = 2147483647;
			files = (
			);
			runOnlyForDeploymentPostprocessing = 0;
		};
		A1EA8BB41AB393A20055155E /* Frameworks */ = {
			isa = PBXFrameworksBuildPhase;
			buildActionMask = 2147483647;
			files = (
			);
			runOnlyForDeploymentPostprocessing = 0;
		};
/* End PBXFrameworksBuildPhase section */

/* Begin PBXGroup section */
		A1EA8B991AB393A20055155E = {
			isa = PBXGroup;
			children = (
				A1EA8BA41AB393A20055155E /* Audio Mixer Demo */,
				A1EA8BBA1AB393A20055155E /* Audio Mixer DemoTests */,
				A1EA8BA31AB393A20055155E /* Products */,
			);
			sourceTree = "<group>";
		};
		A1EA8BA31AB393A20055155E /* Products */ = {
			isa = PBXGroup;
			children = (
				A1EA8BA21AB393A20055155E /* Audio Mixer Demo.app */,
				A1EA8BB71AB393A20055155E /* Audio Mixer DemoTests.xctest */,
			);
			name = Products;
			sourceTree = "<group>";
		};
		A1EA8BA41AB393A20055155E /* Audio Mixer Demo */ = {
			isa = PBXGroup;
			children = (
				A1EA8BA71AB393A20055155E /* AppDelegate.swift */,
				A1EA8BA91AB393A20055155E /* ViewController.swift */,
				A1EA8BAB1AB393A20055155E /* Main.storyboard */,
				A1EA8BAE1AB393A20055155E /* Images.xcassets */,
				A1EA8BB01AB393A20055155E /* LaunchScreen.xib */,
				A1EA8BA51AB393A20055155E /* Supporting Files */,
			);
			path = "Audio Mixer Demo";
			sourceTree = "<group>";
		};
		A1EA8BA51AB393A20055155E /* Supporting Files */ = {
			isa = PBXGroup;
			children = (
				A16E9B6E1ABF395F00C6081A /* farah-faucet.wav */,
				A1EA8BA61AB393A20055155E /* Info.plist */,
			);
			name = "Supporting Files";
			sourceTree = "<group>";
		};
		A1EA8BBA1AB393A20055155E /* Audio Mixer DemoTests */ = {
			isa = PBXGroup;
			children = (
				A1EA8BBD1AB393A20055155E /* Audio_Mixer_DemoTests.swift */,
				A1EA8BBB1AB393A20055155E /* Supporting Files */,
			);
			path = "Audio Mixer DemoTests";
			sourceTree = "<group>";
		};
		A1EA8BBB1AB393A20055155E /* Supporting Files */ = {
			isa = PBXGroup;
			children = (
				A1EA8BBC1AB393A20055155E /* Info.plist */,
			);
			name = "Supporting Files";
			sourceTree = "<group>";
		};
/* End PBXGroup section */

/* Begin PBXNativeTarget section */
		A1EA8BA11AB393A20055155E /* Audio Mixer Demo */ = {
			isa = PBXNativeTarget;
			buildConfigurationList = A1EA8BC11AB393A20055155E /* Build configuration list for PBXNativeTarget "Audio Mixer Demo" */;
			buildPhases = (
				A1EA8B9E1AB393A20055155E /* Sources */,
				A1EA8B9F1AB393A20055155E /* Frameworks */,
				A1EA8BA01AB393A20055155E /* Resources */,
			);
			buildRules = (
			);
			dependencies = (
			);
			name = "Audio Mixer Demo";
			productName = "Audio Mixer Demo";
			productReference = A1EA8BA21AB393A20055155E /* Audio Mixer Demo.app */;
			productType = "com.apple.product-type.application";
		};
		A1EA8BB61AB393A20055155E /* Audio Mixer DemoTests */ = {
			isa = PBXNativeTarget;
			buildConfigurationList = A1EA8BC41AB393A20055155E /* Build configuration list for PBXNativeTarget "Audio Mixer DemoTests" */;
			buildPhases = (
				A1EA8BB31AB393A20055155E /* Sources */,
				A1EA8BB41AB393A20055155E /* Frameworks */,
				A1EA8BB51AB393A20055155E /* Resources */,
			);
			buildRules = (
			);
			dependencies = (
				A1EA8BB91AB393A20055155E /* PBXTargetDependency */,
			);
			name = "Audio Mixer DemoTests";
			productName = "Audio Mixer DemoTests";
			productReference = A1EA8BB71AB393A20055155E /* Audio Mixer DemoTests.xctest */;
			productType = "com.apple.product-type.bundle.unit-test";
		};
/* End PBXNativeTarget section */

/* Begin PBXProject section */
		A1EA8B9A1AB393A20055155E /* Project object */ = {
			isa = PBXProject;
			attributes = {
				LastUpgradeCheck = 0620;
				ORGANIZATIONNAME = "Robot Loves You";
				TargetAttributes = {
					A1EA8BA11AB393A20055155E = {
						CreatedOnToolsVersion = 6.2;
					};
					A1EA8BB61AB393A20055155E = {
						CreatedOnToolsVersion = 6.2;
						TestTargetID = A1EA8BA11AB393A20055155E;
					};
				};
			};
			buildConfigurationList = A1EA8B9D1AB393A20055155E /* Build configuration list for PBXProject "Audio Mixer Demo" */;
			compatibilityVersion = "Xcode 3.2";
			developmentRegion = English;
			hasScannedForEncodings = 0;
			knownRegions = (
				en,
				Base,
			);
			mainGroup = A1EA8B991AB393A20055155E;
			productRefGroup = A1EA8BA31AB393A20055155E /* Products */;
			projectDirPath = "";
			projectRoot = "";
			targets = (
				A1EA8BA11AB393A20055155E /* Audio Mixer Demo */,
				A1EA8BB61AB393A20055155E /* Audio Mixer DemoTests */,
			);
		};
/* End PBXProject section */

/* Begin PBXResourcesBuildPhase section */
		A1EA8BA01AB393A20055155E /* Resources */ = {
			isa = PBXResourcesBuildPhase;
			buildActionMask = 2147483647;
			files = (
				A1EA8BAD1AB393A20055155E /* Main.storyboard in Resources */,
				A1EA8BB21AB393A20055155E /* LaunchScreen.xib in Resources */,
				A1EA8BAF1AB393A20055155E /* Images.xcassets in Resources */,
				A16E9B6F1ABF395F00C6081A /* farah-faucet.wav in Resources */,
			);
			runOnlyForDeploymentPostprocessing = 0;
		};
		A1EA8BB51AB393A20055155E /* Resources */ = {
			isa = PBXResourcesBuildPhase;
			buildActionMask = 2147483647;
			files = (
			);
			runOnlyForDeploymentPostprocessing = 0;
		};
/* End PBXResourcesBuildPhase section */

/* Begin PBXSourcesBuildPhase section */
		A1EA8B9E1AB393A20055155E /* Sources */ = {
			isa = PBXSourcesBuildPhase;
			buildActionMask = 2147483647;
			files = (
				A1EA8BAA1AB393A20055155E /* ViewController.swift in Sources */,
				A1EA8BA81AB393A20055155E /* AppDelegate.swift in Sources */,
			);
			runOnlyForDeploymentPostprocessing = 0;
		};
		A1EA8BB31AB393A20055155E /* Sources */ = {
			isa = PBXSourcesBuildPhase;
			buildActionMask = 2147483647;
			files = (
				A1EA8BBE1AB393A20055155E /* Audio_Mixer_DemoTests.swift in Sources */,
			);
			runOnlyForDeploymentPostprocessing = 0;
		};
/* End PBXSourcesBuildPhase section */

/* Begin PBXTargetDependency section */
		A1EA8BB91AB393A20055155E /* PBXTargetDependency */ = {
			isa = PBXTargetDependency;
			target = A1EA8BA11AB393A20055155E /* Audio Mixer Demo */;
			targetProxy = A1EA8BB81AB393A20055155E /* PBXContainerItemProxy */;
		};
/* End PBXTargetDependency section */

/* Begin PBXVariantGroup section */
		A1EA8BAB1AB393A20055155E /* Main.storyboard */ = {
			isa = PBXVariantGroup;
			children = (
				A1EA8BAC1AB393A20055155E /* Base */,
			);
			name = Main.storyboard;
			sourceTree = "<group>";
		};
		A1EA8BB01AB393A20055155E /* LaunchScreen.xib */ = {
			isa = PBXVariantGroup;
			children = (
				A1EA8BB11AB393A20055155E /* Base */,
			);
			name = LaunchScreen.xib;
			sourceTree = "<group>";
		};
/* End PBXVariantGroup section */

/* Begin XCBuildConfiguration section */
		A1EA8BBF1AB393A20055155E /* Debug */ = {
			isa = XCBuildConfiguration;
			buildSettings = {
				ALWAYS_SEARCH_USER_PATHS = NO;
				CLANG_CXX_LANGUAGE_STANDARD = "gnu++0x";
				CLANG_CXX_LIBRARY = "libc++";
				CLANG_ENABLE_MODULES = YES;
				CLANG_ENABLE_OBJC_ARC = YES;
				CLANG_WARN_BOOL_CONVERSION = YES;
				CLANG_WARN_CONSTANT_CONVERSION = YES;
				CLANG_WARN_DIRECT_OBJC_ISA_USAGE = YES_ERROR;
				CLANG_WARN_EMPTY_BODY = YES;
				CLANG_WARN_ENUM_CONVERSION = YES;
				CLANG_WARN_INT_CONVERSION = YES;
				CLANG_WARN_OBJC_ROOT_CLASS = YES_ERROR;
				CLANG_WARN_UNREACHABLE_CODE = YES;
				CLANG_WARN__DUPLICATE_METHOD_MATCH = YES;
				"CODE_SIGN_IDENTITY[sdk=iphoneos*]" = "iPhone Developer";
				COPY_PHASE_STRIP = NO;
				ENABLE_STRICT_OBJC_MSGSEND = YES;
				GCC_C_LANGUAGE_STANDARD = gnu99;
				GCC_DYNAMIC_NO_PIC = NO;
				GCC_OPTIMIZATION_LEVEL = 0;
				GCC_PREPROCESSOR_DEFINITIONS = (
					"DEBUG=1",
					"$(inherited)",
				);
				GCC_SYMBOLS_PRIVATE_EXTERN = NO;
				GCC_WARN_64_TO_32_BIT_CONVERSION = YES;
				GCC_WARN_ABOUT_RETURN_TYPE = YES_ERROR;
				GCC_WARN_UNDECLARED_SELECTOR = YES;
				GCC_WARN_UNINITIALIZED_AUTOS = YES_AGGRESSIVE;
				GCC_WARN_UNUSED_FUNCTION = YES;
				GCC_WARN_UNUSED_VARIABLE = YES;
				IPHONEOS_DEPLOYMENT_TARGET = 8.2;
				MTL_ENABLE_DEBUG_INFO = YES;
				ONLY_ACTIVE_ARCH = YES;
				SDKROOT = iphoneos;
				SWIFT_OPTIMIZATION_LEVEL = "-Onone";
			};
			name = Debug;
		};
		A1EA8BC01AB393A20055155E /* Release */ = {
			isa = XCBuildConfiguration;
			buildSettings = {
				ALWAYS_SEARCH_USER_PATHS = NO;
				CLANG_CXX_LANGUAGE_STANDARD = "gnu++0x";
				CLANG_CXX_LIBRARY = "libc++";
				CLANG_ENABLE_MODULES = YES;
				CLANG_ENABLE_OBJC_ARC = YES;
				CLANG_WARN_BOOL_CONVERSION = YES;
				CLANG_WARN_CONSTANT_CONVERSION = YES;
				CLANG_WARN_DIRECT_OBJC_ISA_USAGE = YES_ERROR;
				CLANG_WARN_EMPTY_BODY = YES;
				CLANG_WARN_ENUM_CONVERSION = YES;
				CLANG_WARN_INT_CONVERSION = YES;
				CLANG_WARN_OBJC_ROOT_CLASS = YES_ERROR;
				CLANG_WARN_UNREACHABLE_CODE = YES;
				CLANG_WARN__DUPLICATE_METHOD_MATCH = YES;
				"CODE_SIGN_IDENTITY[sdk=iphoneos*]" = "iPhone Developer";
				COPY_PHASE_STRIP = NO;
				ENABLE_NS_ASSERTIONS = NO;
				ENABLE_STRICT_OBJC_MSGSEND = YES;
				GCC_C_LANGUAGE_STANDARD = gnu99;
				GCC_WARN_64_TO_32_BIT_CONVERSION = YES;
				GCC_WARN_ABOUT_RETURN_TYPE = YES_ERROR;
				GCC_WARN_UNDECLARED_SELECTOR = YES;
				GCC_WARN_UNINITIALIZED_AUTOS = YES_AGGRESSIVE;
				GCC_WARN_UNUSED_FUNCTION = YES;
				GCC_WARN_UNUSED_VARIABLE = YES;
				IPHONEOS_DEPLOYMENT_TARGET = 8.2;
				MTL_ENABLE_DEBUG_INFO = NO;
				SDKROOT = iphoneos;
				VALIDATE_PRODUCT = YES;
			};
			name = Release;
		};
		A1EA8BC21AB393A20055155E /* Debug */ = {
			isa = XCBuildConfiguration;
			buildSettings = {
				ASSETCATALOG_COMPILER_APPICON_NAME = AppIcon;
				INFOPLIST_FILE = "Audio Mixer Demo/Info.plist";
				LD_RUNPATH_SEARCH_PATHS = "$(inherited) @executable_path/Frameworks";
				PRODUCT_NAME = "$(TARGET_NAME)";
			};
			name = Debug;
		};
		A1EA8BC31AB393A20055155E /* Release */ = {
			isa = XCBuildConfiguration;
			buildSettings = {
				ASSETCATALOG_COMPILER_APPICON_NAME = AppIcon;
				INFOPLIST_FILE = "Audio Mixer Demo/Info.plist";
				LD_RUNPATH_SEARCH_PATHS = "$(inherited) @executable_path/Frameworks";
				PRODUCT_NAME = "$(TARGET_NAME)";
			};
			name = Release;
		};
		A1EA8BC51AB393A20055155E /* Debug */ = {
			isa = XCBuildConfiguration;
			buildSettings = {
				BUNDLE_LOADER = "$(TEST_HOST)";
				FRAMEWORK_SEARCH_PATHS = (
					"$(SDKROOT)/Developer/Library/Frameworks",
					"$(inherited)",
				);
				GCC_PREPROCESSOR_DEFINITIONS = (
					"DEBUG=1",
					"$(inherited)",
				);
				INFOPLIST_FILE = "Audio Mixer DemoTests/Info.plist";
				LD_RUNPATH_SEARCH_PATHS = "$(inherited) @executable_path/Frameworks @loader_path/Frameworks";
				PRODUCT_NAME = "$(TARGET_NAME)";
				TEST_HOST = "$(BUILT_PRODUCTS_DIR)/Audio Mixer Demo.app/Audio Mixer Demo";
			};
			name = Debug;
		};
		A1EA8BC61AB393A20055155E /* Release */ = {
			isa = XCBuildConfiguration;
			buildSettings = {
				BUNDLE_LOADER = "$(TEST_HOST)";
				FRAMEWORK_SEARCH_PATHS = (
					"$(SDKROOT)/Developer/Library/Frameworks",
					"$(inherited)",
				);
				INFOPLIST_FILE = "Audio Mixer DemoTests/Info.plist";
				LD_RUNPATH_SEARCH_PATHS = "$(inherited) @executable_path/Frameworks @loader_path/Frameworks";
				PRODUCT_NAME = "$(TARGET_NAME)";
				TEST_HOST = "$(BUILT_PRODUCTS_DIR)/Audio Mixer Demo.app/Audio Mixer Demo";
			};
			name = Release;
		};
/* End XCBuildConfiguration section */

/* Begin XCConfigurationList section */
		A1EA8B9D1AB393A20055155E /* Build configuration list for PBXProject "Audio Mixer Demo" */ = {
			isa = XCConfigurationList;
			buildConfigurations = (
				A1EA8BBF1AB393A20055155E /* Debug */,
				A1EA8BC01AB393A20055155E /* Release */,
			);
			defaultConfigurationIsVisible = 0;
			defaultConfigurationName = Release;
		};
		A1EA8BC11AB393A20055155E /* Build configuration list for PBXNativeTarget "Audio Mixer Demo" */ = {
			isa = XCConfigurationList;
			buildConfigurations = (
				A1EA8BC21AB393A20055155E /* Debug */,
				A1EA8BC31AB393A20055155E /* Release */,
			);
			defaultConfigurationIsVisible = 0;
			defaultConfigurationName = Release;
		};
		A1EA8BC41AB393A20055155E /* Build configuration list for PBXNativeTarget "Audio Mixer DemoTests" */ = {
			isa = XCConfigurationList;
			buildConfigurations = (
				A1EA8BC51AB393A20055155E /* Debug */,
				A1EA8BC61AB393A20055155E /* Release */,
			);
			defaultConfigurationIsVisible = 0;
			defaultConfigurationName = Release;
		};
/* End XCConfigurationList section */
	};
	rootObject = A1EA8B9A1AB393A20055155E /* Project object */;
}
